// !$*UTF8*$!
{
	archiveVersion = 1;
	classes = {
	};
	objectVersion = 46;
	objects = {

/* Begin PBXAggregateTarget section */
		24416B8111C4CA220047AFDD /* Build & Test */ = {
			isa = PBXAggregateTarget;
			buildConfigurationList = 24416B8A11C4CA520047AFDD /* Build configuration list for PBXAggregateTarget "Build & Test" */;
			buildPhases = (
				24416B8011C4CA220047AFDD /* ShellScript */,
			);
			dependencies = (
				24416B8511C4CA280047AFDD /* PBXTargetDependency */,
			);
			name = "Build & Test";
			productName = "Build & test";
		};
/* End PBXAggregateTarget section */

/* Begin PBXBuildFile section */
		24DD6CF91134B3F500162E58 /* ComCrissmoldovanTisipModule.h in Headers */ = {isa = PBXBuildFile; fileRef = 24DD6CF71134B3F500162E58 /* ComCrissmoldovanTisipModule.h */; };
		24DD6CFA1134B3F500162E58 /* ComCrissmoldovanTisipModule.m in Sources */ = {isa = PBXBuildFile; fileRef = 24DD6CF81134B3F500162E58 /* ComCrissmoldovanTisipModule.m */; };
		24DE9E1111C5FE74003F90F6 /* ComCrissmoldovanTisipModuleAssets.h in Headers */ = {isa = PBXBuildFile; fileRef = 24DE9E0F11C5FE74003F90F6 /* ComCrissmoldovanTisipModuleAssets.h */; };
		24DE9E1211C5FE74003F90F6 /* ComCrissmoldovanTisipModuleAssets.m in Sources */ = {isa = PBXBuildFile; fileRef = 24DE9E1011C5FE74003F90F6 /* ComCrissmoldovanTisipModuleAssets.m */; };
		2817AC021BE85B4000DA1AE5 /* PushKit.framework in Frameworks */ = {isa = PBXBuildFile; fileRef = 2817AC011BE85B4000DA1AE5 /* PushKit.framework */; };
		286D9F531BEA3EE100CC1DA0 /* VoipPush.h in Headers */ = {isa = PBXBuildFile; fileRef = 286D9F511BEA3EE100CC1DA0 /* VoipPush.h */; };
		286D9F541BEA3EE100CC1DA0 /* VoipPush.m in Sources */ = {isa = PBXBuildFile; fileRef = 286D9F521BEA3EE100CC1DA0 /* VoipPush.m */; };
		2876058F1BDB0DD300C86BDB /* PJUtil.h in Headers */ = {isa = PBXBuildFile; fileRef = 2876058C1BDB0DD300C86BDB /* PJUtil.h */; };
		287605901BDB0DD300C86BDB /* PJUtil.m in Sources */ = {isa = PBXBuildFile; fileRef = 2876058D1BDB0DD300C86BDB /* PJUtil.m */; };
		287605911BDB0DD300C86BDB /* Util.h in Headers */ = {isa = PBXBuildFile; fileRef = 2876058E1BDB0DD300C86BDB /* Util.h */; };
		287605991BDB0DF600C86BDB /* PJSIP.h in Headers */ = {isa = PBXBuildFile; fileRef = 287605921BDB0DF600C86BDB /* PJSIP.h */; };
		2876059A1BDB0DF600C86BDB /* PjSIPDispatch.h in Headers */ = {isa = PBXBuildFile; fileRef = 287605931BDB0DF600C86BDB /* PjSIPDispatch.h */; };
		2876059B1BDB0DF600C86BDB /* PjSIPDispatch.m in Sources */ = {isa = PBXBuildFile; fileRef = 287605941BDB0DF600C86BDB /* PjSIPDispatch.m */; };
		2876059C1BDB0DF600C86BDB /* PjSIPNotifications.h in Headers */ = {isa = PBXBuildFile; fileRef = 287605951BDB0DF600C86BDB /* PjSIPNotifications.h */; };
		2876059D1BDB0DF600C86BDB /* PjSIPNotifications.m in Sources */ = {isa = PBXBuildFile; fileRef = 287605961BDB0DF600C86BDB /* PjSIPNotifications.m */; };
		2876059E1BDB0DF600C86BDB /* PjSIPProxy.h in Headers */ = {isa = PBXBuildFile; fileRef = 287605971BDB0DF600C86BDB /* PjSIPProxy.h */; };
		2876059F1BDB0DF600C86BDB /* PjSIPProxy.m in Sources */ = {isa = PBXBuildFile; fileRef = 287605981BDB0DF600C86BDB /* PjSIPProxy.m */; };
		287605B31BDB0E2D00C86BDB /* libg7221codec-arm-apple-darwin9.a in Frameworks */ = {isa = PBXBuildFile; fileRef = 287605A01BDB0E2C00C86BDB /* libg7221codec-arm-apple-darwin9.a */; };
		287605B41BDB0E2D00C86BDB /* libgsmcodec-arm-apple-darwin9.a in Frameworks */ = {isa = PBXBuildFile; fileRef = 287605A11BDB0E2C00C86BDB /* libgsmcodec-arm-apple-darwin9.a */; };
		287605B51BDB0E2D00C86BDB /* libilbccodec-arm-apple-darwin9.a in Frameworks */ = {isa = PBXBuildFile; fileRef = 287605A21BDB0E2C00C86BDB /* libilbccodec-arm-apple-darwin9.a */; };
		287605B61BDB0E2D00C86BDB /* libpj-arm-apple-darwin9.a in Frameworks */ = {isa = PBXBuildFile; fileRef = 287605A31BDB0E2C00C86BDB /* libpj-arm-apple-darwin9.a */; };
		287605B71BDB0E2D00C86BDB /* libpjlib-util-arm-apple-darwin9.a in Frameworks */ = {isa = PBXBuildFile; fileRef = 287605A41BDB0E2C00C86BDB /* libpjlib-util-arm-apple-darwin9.a */; };
		287605B81BDB0E2D00C86BDB /* libpjmedia-arm-apple-darwin9.a in Frameworks */ = {isa = PBXBuildFile; fileRef = 287605A51BDB0E2C00C86BDB /* libpjmedia-arm-apple-darwin9.a */; };
		287605B91BDB0E2D00C86BDB /* libpjmedia-audiodev-arm-apple-darwin9.a in Frameworks */ = {isa = PBXBuildFile; fileRef = 287605A61BDB0E2D00C86BDB /* libpjmedia-audiodev-arm-apple-darwin9.a */; };
		287605BA1BDB0E2D00C86BDB /* libpjmedia-codec-arm-apple-darwin9.a in Frameworks */ = {isa = PBXBuildFile; fileRef = 287605A71BDB0E2D00C86BDB /* libpjmedia-codec-arm-apple-darwin9.a */; };
		287605BB1BDB0E2D00C86BDB /* libpjmedia-videodev-arm-apple-darwin9.a in Frameworks */ = {isa = PBXBuildFile; fileRef = 287605A81BDB0E2D00C86BDB /* libpjmedia-videodev-arm-apple-darwin9.a */; };
		287605BC1BDB0E2D00C86BDB /* libpjnath-arm-apple-darwin9.a in Frameworks */ = {isa = PBXBuildFile; fileRef = 287605A91BDB0E2D00C86BDB /* libpjnath-arm-apple-darwin9.a */; };
		287605BD1BDB0E2D00C86BDB /* libpjsdp-arm-apple-darwin9.a in Frameworks */ = {isa = PBXBuildFile; fileRef = 287605AA1BDB0E2D00C86BDB /* libpjsdp-arm-apple-darwin9.a */; };
		287605BE1BDB0E2D00C86BDB /* libpjsip-arm-apple-darwin9.a in Frameworks */ = {isa = PBXBuildFile; fileRef = 287605AB1BDB0E2D00C86BDB /* libpjsip-arm-apple-darwin9.a */; };
		287605BF1BDB0E2D00C86BDB /* libpjsip-simple-arm-apple-darwin9.a in Frameworks */ = {isa = PBXBuildFile; fileRef = 287605AC1BDB0E2D00C86BDB /* libpjsip-simple-arm-apple-darwin9.a */; };
		287605C01BDB0E2D00C86BDB /* libpjsip-ua-arm-apple-darwin9.a in Frameworks */ = {isa = PBXBuildFile; fileRef = 287605AD1BDB0E2D00C86BDB /* libpjsip-ua-arm-apple-darwin9.a */; };
		287605C11BDB0E2D00C86BDB /* libpjsua-arm-apple-darwin9.a in Frameworks */ = {isa = PBXBuildFile; fileRef = 287605AE1BDB0E2D00C86BDB /* libpjsua-arm-apple-darwin9.a */; };
		287605C21BDB0E2D00C86BDB /* libpjsua2-arm-apple-darwin9.a in Frameworks */ = {isa = PBXBuildFile; fileRef = 287605AF1BDB0E2D00C86BDB /* libpjsua2-arm-apple-darwin9.a */; };
		287605C31BDB0E2D00C86BDB /* libresample-arm-apple-darwin9.a in Frameworks */ = {isa = PBXBuildFile; fileRef = 287605B01BDB0E2D00C86BDB /* libresample-arm-apple-darwin9.a */; };
		287605C41BDB0E2D00C86BDB /* libspeex-arm-apple-darwin9.a in Frameworks */ = {isa = PBXBuildFile; fileRef = 287605B11BDB0E2D00C86BDB /* libspeex-arm-apple-darwin9.a */; };
		287605C51BDB0E2D00C86BDB /* libsrtp-arm-apple-darwin9.a in Frameworks */ = {isa = PBXBuildFile; fileRef = 287605B21BDB0E2D00C86BDB /* libsrtp-arm-apple-darwin9.a */; };
		287605C71BDB0EC500C86BDB /* AudioToolbox.framework in Frameworks */ = {isa = PBXBuildFile; fileRef = 287605C61BDB0EC500C86BDB /* AudioToolbox.framework */; };
		287605C91BDB0ECF00C86BDB /* CFNetwork.framework in Frameworks */ = {isa = PBXBuildFile; fileRef = 287605C81BDB0ECF00C86BDB /* CFNetwork.framework */; };
		287605CB1BDB0EDA00C86BDB /* AVFoundation.framework in Frameworks */ = {isa = PBXBuildFile; fileRef = 287605CA1BDB0EDA00C86BDB /* AVFoundation.framework */; };
		AA747D9F0F9514B9006C5449 /* ComCrissmoldovanTisip_Prefix.pch in Headers */ = {isa = PBXBuildFile; fileRef = AA747D9E0F9514B9006C5449 /* ComCrissmoldovanTisip_Prefix.pch */; };
		AACBBE4A0F95108600F1A2B1 /* Foundation.framework in Frameworks */ = {isa = PBXBuildFile; fileRef = AACBBE490F95108600F1A2B1 /* Foundation.framework */; };
/* End PBXBuildFile section */

/* Begin PBXContainerItemProxy section */
		24416B8411C4CA280047AFDD /* PBXContainerItemProxy */ = {
			isa = PBXContainerItemProxy;
			containerPortal = 0867D690FE84028FC02AAC07 /* Project object */;
			proxyType = 1;
			remoteGlobalIDString = D2AAC07D0554694100DB518D;
			remoteInfo = TiSIP;
		};
/* End PBXContainerItemProxy section */

/* Begin PBXFileReference section */
		24DD6CF71134B3F500162E58 /* ComCrissmoldovanTisipModule.h */ = {isa = PBXFileReference; fileEncoding = 4; lastKnownFileType = sourcecode.c.h; name = ComCrissmoldovanTisipModule.h; path = Classes/ComCrissmoldovanTisipModule.h; sourceTree = "<group>"; };
		24DD6CF81134B3F500162E58 /* ComCrissmoldovanTisipModule.m */ = {isa = PBXFileReference; fileEncoding = 4; lastKnownFileType = sourcecode.c.objc; name = ComCrissmoldovanTisipModule.m; path = Classes/ComCrissmoldovanTisipModule.m; sourceTree = "<group>"; };
		24DD6D1B1134B66800162E58 /* titanium.xcconfig */ = {isa = PBXFileReference; fileEncoding = 4; lastKnownFileType = text.xcconfig; path = titanium.xcconfig; sourceTree = "<group>"; };
		24DE9E0F11C5FE74003F90F6 /* ComCrissmoldovanTisipModuleAssets.h */ = {isa = PBXFileReference; fileEncoding = 4; lastKnownFileType = sourcecode.c.h; name = ComCrissmoldovanTisipModuleAssets.h; path = Classes/ComCrissmoldovanTisipModuleAssets.h; sourceTree = "<group>"; };
		24DE9E1011C5FE74003F90F6 /* ComCrissmoldovanTisipModuleAssets.m */ = {isa = PBXFileReference; fileEncoding = 4; lastKnownFileType = sourcecode.c.objc; name = ComCrissmoldovanTisipModuleAssets.m; path = Classes/ComCrissmoldovanTisipModuleAssets.m; sourceTree = "<group>"; };
		2817AC011BE85B4000DA1AE5 /* PushKit.framework */ = {isa = PBXFileReference; lastKnownFileType = wrapper.framework; name = PushKit.framework; path = System/Library/Frameworks/PushKit.framework; sourceTree = SDKROOT; };
		286D9F511BEA3EE100CC1DA0 /* VoipPush.h */ = {isa = PBXFileReference; fileEncoding = 4; lastKnownFileType = sourcecode.c.h; name = VoipPush.h; path = Classes/VoipPush.h; sourceTree = "<group>"; };
		286D9F521BEA3EE100CC1DA0 /* VoipPush.m */ = {isa = PBXFileReference; fileEncoding = 4; lastKnownFileType = sourcecode.c.objc; name = VoipPush.m; path = Classes/VoipPush.m; sourceTree = "<group>"; };
		2876058C1BDB0DD300C86BDB /* PJUtil.h */ = {isa = PBXFileReference; fileEncoding = 4; lastKnownFileType = sourcecode.c.h; name = PJUtil.h; path = Classes/PJUtil.h; sourceTree = "<group>"; };
		2876058D1BDB0DD300C86BDB /* PJUtil.m */ = {isa = PBXFileReference; fileEncoding = 4; lastKnownFileType = sourcecode.c.objc; name = PJUtil.m; path = Classes/PJUtil.m; sourceTree = "<group>"; };
		2876058E1BDB0DD300C86BDB /* Util.h */ = {isa = PBXFileReference; fileEncoding = 4; lastKnownFileType = sourcecode.c.h; name = Util.h; path = Classes/Util.h; sourceTree = "<group>"; };
		287605921BDB0DF600C86BDB /* PJSIP.h */ = {isa = PBXFileReference; fileEncoding = 4; lastKnownFileType = sourcecode.c.h; name = PJSIP.h; path = Classes/PJSIP.h; sourceTree = "<group>"; };
		287605931BDB0DF600C86BDB /* PjSIPDispatch.h */ = {isa = PBXFileReference; fileEncoding = 4; lastKnownFileType = sourcecode.c.h; name = PjSIPDispatch.h; path = Classes/PjSIPDispatch.h; sourceTree = "<group>"; };
		287605941BDB0DF600C86BDB /* PjSIPDispatch.m */ = {isa = PBXFileReference; fileEncoding = 4; lastKnownFileType = sourcecode.c.objc; name = PjSIPDispatch.m; path = Classes/PjSIPDispatch.m; sourceTree = "<group>"; };
		287605951BDB0DF600C86BDB /* PjSIPNotifications.h */ = {isa = PBXFileReference; fileEncoding = 4; lastKnownFileType = sourcecode.c.h; name = PjSIPNotifications.h; path = Classes/PjSIPNotifications.h; sourceTree = "<group>"; };
		287605961BDB0DF600C86BDB /* PjSIPNotifications.m */ = {isa = PBXFileReference; fileEncoding = 4; lastKnownFileType = sourcecode.c.objc; name = PjSIPNotifications.m; path = Classes/PjSIPNotifications.m; sourceTree = "<group>"; };
		287605971BDB0DF600C86BDB /* PjSIPProxy.h */ = {isa = PBXFileReference; fileEncoding = 4; lastKnownFileType = sourcecode.c.h; name = PjSIPProxy.h; path = Classes/PjSIPProxy.h; sourceTree = "<group>"; };
		287605981BDB0DF600C86BDB /* PjSIPProxy.m */ = {isa = PBXFileReference; fileEncoding = 4; lastKnownFileType = sourcecode.c.objc; name = PjSIPProxy.m; path = Classes/PjSIPProxy.m; sourceTree = "<group>"; };
		287605A01BDB0E2C00C86BDB /* libg7221codec-arm-apple-darwin9.a */ = {isa = PBXFileReference; lastKnownFileType = archive.ar; name = "libg7221codec-arm-apple-darwin9.a"; path = "pjsip/lib/libg7221codec-arm-apple-darwin9.a"; sourceTree = "<group>"; };
		287605A11BDB0E2C00C86BDB /* libgsmcodec-arm-apple-darwin9.a */ = {isa = PBXFileReference; lastKnownFileType = archive.ar; name = "libgsmcodec-arm-apple-darwin9.a"; path = "pjsip/lib/libgsmcodec-arm-apple-darwin9.a"; sourceTree = "<group>"; };
		287605A21BDB0E2C00C86BDB /* libilbccodec-arm-apple-darwin9.a */ = {isa = PBXFileReference; lastKnownFileType = archive.ar; name = "libilbccodec-arm-apple-darwin9.a"; path = "pjsip/lib/libilbccodec-arm-apple-darwin9.a"; sourceTree = "<group>"; };
		287605A31BDB0E2C00C86BDB /* libpj-arm-apple-darwin9.a */ = {isa = PBXFileReference; lastKnownFileType = archive.ar; name = "libpj-arm-apple-darwin9.a"; path = "pjsip/lib/libpj-arm-apple-darwin9.a"; sourceTree = "<group>"; };
		287605A41BDB0E2C00C86BDB /* libpjlib-util-arm-apple-darwin9.a */ = {isa = PBXFileReference; lastKnownFileType = archive.ar; name = "libpjlib-util-arm-apple-darwin9.a"; path = "pjsip/lib/libpjlib-util-arm-apple-darwin9.a"; sourceTree = "<group>"; };
		287605A51BDB0E2C00C86BDB /* libpjmedia-arm-apple-darwin9.a */ = {isa = PBXFileReference; lastKnownFileType = archive.ar; name = "libpjmedia-arm-apple-darwin9.a"; path = "pjsip/lib/libpjmedia-arm-apple-darwin9.a"; sourceTree = "<group>"; };
		287605A61BDB0E2D00C86BDB /* libpjmedia-audiodev-arm-apple-darwin9.a */ = {isa = PBXFileReference; lastKnownFileType = archive.ar; name = "libpjmedia-audiodev-arm-apple-darwin9.a"; path = "pjsip/lib/libpjmedia-audiodev-arm-apple-darwin9.a"; sourceTree = "<group>"; };
		287605A71BDB0E2D00C86BDB /* libpjmedia-codec-arm-apple-darwin9.a */ = {isa = PBXFileReference; lastKnownFileType = archive.ar; name = "libpjmedia-codec-arm-apple-darwin9.a"; path = "pjsip/lib/libpjmedia-codec-arm-apple-darwin9.a"; sourceTree = "<group>"; };
		287605A81BDB0E2D00C86BDB /* libpjmedia-videodev-arm-apple-darwin9.a */ = {isa = PBXFileReference; lastKnownFileType = archive.ar; name = "libpjmedia-videodev-arm-apple-darwin9.a"; path = "pjsip/lib/libpjmedia-videodev-arm-apple-darwin9.a"; sourceTree = "<group>"; };
		287605A91BDB0E2D00C86BDB /* libpjnath-arm-apple-darwin9.a */ = {isa = PBXFileReference; lastKnownFileType = archive.ar; name = "libpjnath-arm-apple-darwin9.a"; path = "pjsip/lib/libpjnath-arm-apple-darwin9.a"; sourceTree = "<group>"; };
		287605AA1BDB0E2D00C86BDB /* libpjsdp-arm-apple-darwin9.a */ = {isa = PBXFileReference; lastKnownFileType = archive.ar; name = "libpjsdp-arm-apple-darwin9.a"; path = "pjsip/lib/libpjsdp-arm-apple-darwin9.a"; sourceTree = "<group>"; };
		287605AB1BDB0E2D00C86BDB /* libpjsip-arm-apple-darwin9.a */ = {isa = PBXFileReference; lastKnownFileType = archive.ar; name = "libpjsip-arm-apple-darwin9.a"; path = "pjsip/lib/libpjsip-arm-apple-darwin9.a"; sourceTree = "<group>"; };
		287605AC1BDB0E2D00C86BDB /* libpjsip-simple-arm-apple-darwin9.a */ = {isa = PBXFileReference; lastKnownFileType = archive.ar; name = "libpjsip-simple-arm-apple-darwin9.a"; path = "pjsip/lib/libpjsip-simple-arm-apple-darwin9.a"; sourceTree = "<group>"; };
		287605AD1BDB0E2D00C86BDB /* libpjsip-ua-arm-apple-darwin9.a */ = {isa = PBXFileReference; lastKnownFileType = archive.ar; name = "libpjsip-ua-arm-apple-darwin9.a"; path = "pjsip/lib/libpjsip-ua-arm-apple-darwin9.a"; sourceTree = "<group>"; };
		287605AE1BDB0E2D00C86BDB /* libpjsua-arm-apple-darwin9.a */ = {isa = PBXFileReference; lastKnownFileType = archive.ar; name = "libpjsua-arm-apple-darwin9.a"; path = "pjsip/lib/libpjsua-arm-apple-darwin9.a"; sourceTree = "<group>"; };
		287605AF1BDB0E2D00C86BDB /* libpjsua2-arm-apple-darwin9.a */ = {isa = PBXFileReference; lastKnownFileType = archive.ar; name = "libpjsua2-arm-apple-darwin9.a"; path = "pjsip/lib/libpjsua2-arm-apple-darwin9.a"; sourceTree = "<group>"; };
		287605B01BDB0E2D00C86BDB /* libresample-arm-apple-darwin9.a */ = {isa = PBXFileReference; lastKnownFileType = archive.ar; name = "libresample-arm-apple-darwin9.a"; path = "pjsip/lib/libresample-arm-apple-darwin9.a"; sourceTree = "<group>"; };
		287605B11BDB0E2D00C86BDB /* libspeex-arm-apple-darwin9.a */ = {isa = PBXFileReference; lastKnownFileType = archive.ar; name = "libspeex-arm-apple-darwin9.a"; path = "pjsip/lib/libspeex-arm-apple-darwin9.a"; sourceTree = "<group>"; };
		287605B21BDB0E2D00C86BDB /* libsrtp-arm-apple-darwin9.a */ = {isa = PBXFileReference; lastKnownFileType = archive.ar; name = "libsrtp-arm-apple-darwin9.a"; path = "pjsip/lib/libsrtp-arm-apple-darwin9.a"; sourceTree = "<group>"; };
		287605C61BDB0EC500C86BDB /* AudioToolbox.framework */ = {isa = PBXFileReference; lastKnownFileType = wrapper.framework; name = AudioToolbox.framework; path = System/Library/Frameworks/AudioToolbox.framework; sourceTree = SDKROOT; };
		287605C81BDB0ECF00C86BDB /* CFNetwork.framework */ = {isa = PBXFileReference; lastKnownFileType = wrapper.framework; name = CFNetwork.framework; path = System/Library/Frameworks/CFNetwork.framework; sourceTree = SDKROOT; };
		287605CA1BDB0EDA00C86BDB /* AVFoundation.framework */ = {isa = PBXFileReference; lastKnownFileType = wrapper.framework; name = AVFoundation.framework; path = System/Library/Frameworks/AVFoundation.framework; sourceTree = SDKROOT; };
		AA747D9E0F9514B9006C5449 /* ComCrissmoldovanTisip_Prefix.pch */ = {isa = PBXFileReference; fileEncoding = 4; lastKnownFileType = sourcecode.c.h; path = ComCrissmoldovanTisip_Prefix.pch; sourceTree = SOURCE_ROOT; };
		AACBBE490F95108600F1A2B1 /* Foundation.framework */ = {isa = PBXFileReference; lastKnownFileType = wrapper.framework; name = Foundation.framework; path = System/Library/Frameworks/Foundation.framework; sourceTree = SDKROOT; };
		D2AAC07E0554694100DB518D /* libComCrissmoldovanTisip.a */ = {isa = PBXFileReference; explicitFileType = archive.ar; includeInIndex = 0; path = libComCrissmoldovanTisip.a; sourceTree = BUILT_PRODUCTS_DIR; };
/* End PBXFileReference section */

/* Begin PBXFrameworksBuildPhase section */
		D2AAC07C0554694100DB518D /* Frameworks */ = {
			isa = PBXFrameworksBuildPhase;
			buildActionMask = 2147483647;
			files = (
				2817AC021BE85B4000DA1AE5 /* PushKit.framework in Frameworks */,
				287605CB1BDB0EDA00C86BDB /* AVFoundation.framework in Frameworks */,
				287605C91BDB0ECF00C86BDB /* CFNetwork.framework in Frameworks */,
				287605C71BDB0EC500C86BDB /* AudioToolbox.framework in Frameworks */,
				AACBBE4A0F95108600F1A2B1 /* Foundation.framework in Frameworks */,
				287605B41BDB0E2D00C86BDB /* libgsmcodec-arm-apple-darwin9.a in Frameworks */,
				287605BC1BDB0E2D00C86BDB /* libpjnath-arm-apple-darwin9.a in Frameworks */,
				287605B81BDB0E2D00C86BDB /* libpjmedia-arm-apple-darwin9.a in Frameworks */,
				287605B71BDB0E2D00C86BDB /* libpjlib-util-arm-apple-darwin9.a in Frameworks */,
				287605C51BDB0E2D00C86BDB /* libsrtp-arm-apple-darwin9.a in Frameworks */,
				287605C01BDB0E2D00C86BDB /* libpjsip-ua-arm-apple-darwin9.a in Frameworks */,
				287605B91BDB0E2D00C86BDB /* libpjmedia-audiodev-arm-apple-darwin9.a in Frameworks */,
				287605BD1BDB0E2D00C86BDB /* libpjsdp-arm-apple-darwin9.a in Frameworks */,
				287605B51BDB0E2D00C86BDB /* libilbccodec-arm-apple-darwin9.a in Frameworks */,
				287605B31BDB0E2D00C86BDB /* libg7221codec-arm-apple-darwin9.a in Frameworks */,
				287605BE1BDB0E2D00C86BDB /* libpjsip-arm-apple-darwin9.a in Frameworks */,
				287605B61BDB0E2D00C86BDB /* libpj-arm-apple-darwin9.a in Frameworks */,
				287605C11BDB0E2D00C86BDB /* libpjsua-arm-apple-darwin9.a in Frameworks */,
				287605C31BDB0E2D00C86BDB /* libresample-arm-apple-darwin9.a in Frameworks */,
				287605BA1BDB0E2D00C86BDB /* libpjmedia-codec-arm-apple-darwin9.a in Frameworks */,
				287605BB1BDB0E2D00C86BDB /* libpjmedia-videodev-arm-apple-darwin9.a in Frameworks */,
				287605C21BDB0E2D00C86BDB /* libpjsua2-arm-apple-darwin9.a in Frameworks */,
				287605C41BDB0E2D00C86BDB /* libspeex-arm-apple-darwin9.a in Frameworks */,
				287605BF1BDB0E2D00C86BDB /* libpjsip-simple-arm-apple-darwin9.a in Frameworks */,
			);
			runOnlyForDeploymentPostprocessing = 0;
		};
/* End PBXFrameworksBuildPhase section */

/* Begin PBXGroup section */
		034768DFFF38A50411DB9C8B /* Products */ = {
			isa = PBXGroup;
			children = (
				D2AAC07E0554694100DB518D /* libComCrissmoldovanTisip.a */,
			);
			name = Products;
			sourceTree = "<group>";
		};
		0867D691FE84028FC02AAC07 /* TiSIP */ = {
			isa = PBXGroup;
			children = (
				287605A01BDB0E2C00C86BDB /* libg7221codec-arm-apple-darwin9.a */,
				287605A11BDB0E2C00C86BDB /* libgsmcodec-arm-apple-darwin9.a */,
				287605A21BDB0E2C00C86BDB /* libilbccodec-arm-apple-darwin9.a */,
				287605A31BDB0E2C00C86BDB /* libpj-arm-apple-darwin9.a */,
				287605A41BDB0E2C00C86BDB /* libpjlib-util-arm-apple-darwin9.a */,
				287605A51BDB0E2C00C86BDB /* libpjmedia-arm-apple-darwin9.a */,
				287605A61BDB0E2D00C86BDB /* libpjmedia-audiodev-arm-apple-darwin9.a */,
				287605A71BDB0E2D00C86BDB /* libpjmedia-codec-arm-apple-darwin9.a */,
				287605A81BDB0E2D00C86BDB /* libpjmedia-videodev-arm-apple-darwin9.a */,
				287605A91BDB0E2D00C86BDB /* libpjnath-arm-apple-darwin9.a */,
				287605AA1BDB0E2D00C86BDB /* libpjsdp-arm-apple-darwin9.a */,
				287605AB1BDB0E2D00C86BDB /* libpjsip-arm-apple-darwin9.a */,
				287605AC1BDB0E2D00C86BDB /* libpjsip-simple-arm-apple-darwin9.a */,
				287605AD1BDB0E2D00C86BDB /* libpjsip-ua-arm-apple-darwin9.a */,
				287605AE1BDB0E2D00C86BDB /* libpjsua-arm-apple-darwin9.a */,
				287605AF1BDB0E2D00C86BDB /* libpjsua2-arm-apple-darwin9.a */,
				287605B01BDB0E2D00C86BDB /* libresample-arm-apple-darwin9.a */,
				287605B11BDB0E2D00C86BDB /* libspeex-arm-apple-darwin9.a */,
				287605B21BDB0E2D00C86BDB /* libsrtp-arm-apple-darwin9.a */,
				08FB77AEFE84172EC02AAC07 /* Classes */,
				32C88DFF0371C24200C91783 /* Other Sources */,
				0867D69AFE84028FC02AAC07 /* Frameworks */,
				034768DFFF38A50411DB9C8B /* Products */,
			);
			name = TiSIP;
			sourceTree = "<group>";
		};
		0867D69AFE84028FC02AAC07 /* Frameworks */ = {
			isa = PBXGroup;
			children = (
				2817AC011BE85B4000DA1AE5 /* PushKit.framework */,
				287605CA1BDB0EDA00C86BDB /* AVFoundation.framework */,
				287605C81BDB0ECF00C86BDB /* CFNetwork.framework */,
				287605C61BDB0EC500C86BDB /* AudioToolbox.framework */,
				AACBBE490F95108600F1A2B1 /* Foundation.framework */,
			);
			name = Frameworks;
			sourceTree = "<group>";
		};
		08FB77AEFE84172EC02AAC07 /* Classes */ = {
			isa = PBXGroup;
			children = (
				2876058A1BDB0DAD00C86BDB /* TiSIP */,
				24DE9E0F11C5FE74003F90F6 /* ComCrissmoldovanTisipModuleAssets.h */,
				24DE9E1011C5FE74003F90F6 /* ComCrissmoldovanTisipModuleAssets.m */,
				24DD6CF71134B3F500162E58 /* ComCrissmoldovanTisipModule.h */,
				24DD6CF81134B3F500162E58 /* ComCrissmoldovanTisipModule.m */,
			);
			name = Classes;
			sourceTree = "<group>";
		};
		2876058A1BDB0DAD00C86BDB /* TiSIP */ = {
			isa = PBXGroup;
			children = (
				2876058B1BDB0DB600C86BDB /* Util */,
				287605921BDB0DF600C86BDB /* PJSIP.h */,
				287605931BDB0DF600C86BDB /* PjSIPDispatch.h */,
				287605941BDB0DF600C86BDB /* PjSIPDispatch.m */,
				287605951BDB0DF600C86BDB /* PjSIPNotifications.h */,
				287605961BDB0DF600C86BDB /* PjSIPNotifications.m */,
				287605971BDB0DF600C86BDB /* PjSIPProxy.h */,
				287605981BDB0DF600C86BDB /* PjSIPProxy.m */,
				286D9F511BEA3EE100CC1DA0 /* VoipPush.h */,
				286D9F521BEA3EE100CC1DA0 /* VoipPush.m */,
			);
			name = TiSIP;
			sourceTree = "<group>";
		};
		2876058B1BDB0DB600C86BDB /* Util */ = {
			isa = PBXGroup;
			children = (
				2876058C1BDB0DD300C86BDB /* PJUtil.h */,
				2876058D1BDB0DD300C86BDB /* PJUtil.m */,
				2876058E1BDB0DD300C86BDB /* Util.h */,
			);
			name = Util;
			sourceTree = "<group>";
		};
		32C88DFF0371C24200C91783 /* Other Sources */ = {
			isa = PBXGroup;
			children = (
				AA747D9E0F9514B9006C5449 /* ComCrissmoldovanTisip_Prefix.pch */,
				24DD6D1B1134B66800162E58 /* titanium.xcconfig */,
			);
			name = "Other Sources";
			sourceTree = "<group>";
		};
/* End PBXGroup section */

/* Begin PBXHeadersBuildPhase section */
		D2AAC07A0554694100DB518D /* Headers */ = {
			isa = PBXHeadersBuildPhase;
			buildActionMask = 2147483647;
			files = (
				2876059A1BDB0DF600C86BDB /* PjSIPDispatch.h in Headers */,
				287605911BDB0DD300C86BDB /* Util.h in Headers */,
				2876059E1BDB0DF600C86BDB /* PjSIPProxy.h in Headers */,
				2876059C1BDB0DF600C86BDB /* PjSIPNotifications.h in Headers */,
				AA747D9F0F9514B9006C5449 /* ComCrissmoldovanTisip_Prefix.pch in Headers */,
				24DD6CF91134B3F500162E58 /* ComCrissmoldovanTisipModule.h in Headers */,
				287605991BDB0DF600C86BDB /* PJSIP.h in Headers */,
				2876058F1BDB0DD300C86BDB /* PJUtil.h in Headers */,
				286D9F531BEA3EE100CC1DA0 /* VoipPush.h in Headers */,
				24DE9E1111C5FE74003F90F6 /* ComCrissmoldovanTisipModuleAssets.h in Headers */,
			);
			runOnlyForDeploymentPostprocessing = 0;
		};
/* End PBXHeadersBuildPhase section */

/* Begin PBXNativeTarget section */
		D2AAC07D0554694100DB518D /* TiSIP */ = {
			isa = PBXNativeTarget;
			buildConfigurationList = 1DEB921E08733DC00010E9CD /* Build configuration list for PBXNativeTarget "TiSIP" */;
			buildPhases = (
				D2AAC07A0554694100DB518D /* Headers */,
				D2AAC07B0554694100DB518D /* Sources */,
				D2AAC07C0554694100DB518D /* Frameworks */,
			);
			buildRules = (
			);
			dependencies = (
			);
			name = TiSIP;
			productName = TiSIP;
			productReference = D2AAC07E0554694100DB518D /* libComCrissmoldovanTisip.a */;
			productType = "com.apple.product-type.library.static";
		};
/* End PBXNativeTarget section */

/* Begin PBXProject section */
		0867D690FE84028FC02AAC07 /* Project object */ = {
			isa = PBXProject;
			attributes = {
				LastUpgradeCheck = 0600;
			};
			buildConfigurationList = 1DEB922208733DC00010E9CD /* Build configuration list for PBXProject "TiSIP" */;
			compatibilityVersion = "Xcode 3.2";
			developmentRegion = English;
			hasScannedForEncodings = 1;
			knownRegions = (
				English,
				Japanese,
				French,
				German,
			);
			mainGroup = 0867D691FE84028FC02AAC07 /* TiSIP */;
			productRefGroup = 034768DFFF38A50411DB9C8B /* Products */;
			projectDirPath = "";
			projectRoot = "";
			targets = (
				D2AAC07D0554694100DB518D /* TiSIP */,
				24416B8111C4CA220047AFDD /* Build & Test */,
			);
		};
/* End PBXProject section */

/* Begin PBXShellScriptBuildPhase section */
		24416B8011C4CA220047AFDD /* ShellScript */ = {
			isa = PBXShellScriptBuildPhase;
			buildActionMask = 2147483647;
			files = (
			);
			inputPaths = (
			);
			outputPaths = (
			);
			runOnlyForDeploymentPostprocessing = 0;
			shellPath = /bin/sh;
			shellScript = "# shell script goes here\n\npython \"${TITANIUM_SDK}/titanium.py\" run --dir=\"${PROJECT_DIR}\"\nexit $?\n";
		};
/* End PBXShellScriptBuildPhase section */

/* Begin PBXSourcesBuildPhase section */
		D2AAC07B0554694100DB518D /* Sources */ = {
			isa = PBXSourcesBuildPhase;
			buildActionMask = 2147483647;
			files = (
				286D9F541BEA3EE100CC1DA0 /* VoipPush.m in Sources */,
				2876059B1BDB0DF600C86BDB /* PjSIPDispatch.m in Sources */,
				24DD6CFA1134B3F500162E58 /* ComCrissmoldovanTisipModule.m in Sources */,
				24DE9E1211C5FE74003F90F6 /* ComCrissmoldovanTisipModuleAssets.m in Sources */,
				2876059F1BDB0DF600C86BDB /* PjSIPProxy.m in Sources */,
				287605901BDB0DD300C86BDB /* PJUtil.m in Sources */,
				2876059D1BDB0DF600C86BDB /* PjSIPNotifications.m in Sources */,
			);
			runOnlyForDeploymentPostprocessing = 0;
		};
/* End PBXSourcesBuildPhase section */

/* Begin PBXTargetDependency section */
		24416B8511C4CA280047AFDD /* PBXTargetDependency */ = {
			isa = PBXTargetDependency;
			target = D2AAC07D0554694100DB518D /* TiSIP */;
			targetProxy = 24416B8411C4CA280047AFDD /* PBXContainerItemProxy */;
		};
/* End PBXTargetDependency section */

/* Begin XCBuildConfiguration section */
		1DEB921F08733DC00010E9CD /* Debug */ = {
			isa = XCBuildConfiguration;
			baseConfigurationReference = 24DD6D1B1134B66800162E58 /* titanium.xcconfig */;
			buildSettings = {
				ALWAYS_SEARCH_USER_PATHS = YES;
				CLANG_ENABLE_MODULES = YES;
				CLANG_ENABLE_OBJC_ARC = YES;
				CLANG_WARN__DUPLICATE_METHOD_MATCH = YES;
				CODE_SIGN_IDENTITY = "iPhone Developer";
				"CODE_SIGN_IDENTITY[sdk=iphoneos*]" = "iPhone Developer";
				DSTROOT = /tmp/ComCrissmoldovanTisip.dst;
				GCC_C_LANGUAGE_STANDARD = "compiler-default";
				GCC_OPTIMIZATION_LEVEL = 0;
				GCC_PRECOMPILE_PREFIX_HEADER = YES;
				GCC_PREFIX_HEADER = ComCrissmoldovanTisip_Prefix.pch;
				GCC_PREPROCESSOR_DEFINITIONS = (
					"TI_VERSION=$(TI_VERSION)",
					"DEBUG=1",
				);
				GCC_TREAT_WARNINGS_AS_ERRORS = NO;
				GCC_VERSION = "";
				GCC_WARN_ABOUT_RETURN_TYPE = NO;
				GCC_WARN_MISSING_PARENTHESES = NO;
				GCC_WARN_SHADOW = NO;
				GCC_WARN_STRICT_SELECTOR_MATCH = NO;
				GCC_WARN_UNUSED_FUNCTION = YES;
				GCC_WARN_UNUSED_PARAMETER = NO;
				GCC_WARN_UNUSED_VALUE = NO;
				GCC_WARN_UNUSED_VARIABLE = NO;
				HEADER_SEARCH_PATHS = (
					"$(TITANIUM_BASE_SDK)",
					"$(TITANIUM_BASE_SDK2)",
					"$(TITANIUM_BASE_SDK3)",
					"$(SRCROOT)/pjsip/src/pjlib/include",
					"$(SRCROOT)/pjsip/src/pjlib-util/include",
					"$(SRCROOT)/pjsip/src/pjnath/include",
					"$(SRCROOT)/pjsip/src/pjmedia/include",
					"$(SRCROOT)/pjsip/src/pjsip/include",
					"$(SRCROOT)/pjsip/src/third_party/resample/include",
					"$(SRCROOT)/pjsip/src/third_party/speex/include",
					"$(SRCROOT)/pjsip/src/third_party/srtp/crypto/include",
					"$(SRCROOT)/pjsip/src/third_party/srtp/include",
				);
				INSTALL_PATH = /usr/local/lib;
				IPHONEOS_DEPLOYMENT_TARGET = 6.0;
				LIBRARY_SEARCH_PATHS = (
					"$(PROJECT_DIR)/pjsip/lib",
					"\"$(SRCROOT)/pjsip\"",
					"\"$(SRCROOT)/pjsip/lib\"",
				);
				OTHER_CFLAGS = (
					"-DDEBUG",
					"-DTI_POST_1_2",
				);
				OTHER_LDFLAGS = "-ObjC";
				PRODUCT_NAME = ComCrissmoldovanTisip;
				PROVISIONING_PROFILE = "";
				"PROVISIONING_PROFILE[sdk=iphoneos*]" = "";
				RUN_CLANG_STATIC_ANALYZER = NO;
				SDKROOT = iphoneos;
				USER_HEADER_SEARCH_PATHS = "";
			};
			name = Debug;
		};
		1DEB922008733DC00010E9CD /* Release */ = {
			isa = XCBuildConfiguration;
			baseConfigurationReference = 24DD6D1B1134B66800162E58 /* titanium.xcconfig */;
			buildSettings = {
				ALWAYS_SEARCH_USER_PATHS = YES;
				CLANG_ENABLE_MODULES = YES;
				CLANG_ENABLE_OBJC_ARC = YES;
				CLANG_WARN__DUPLICATE_METHOD_MATCH = YES;
				DSTROOT = /tmp/ComCrissmoldovanTisip.dst;
				GCC_C_LANGUAGE_STANDARD = "compiler-default";
				GCC_MODEL_TUNING = G5;
				GCC_PRECOMPILE_PREFIX_HEADER = YES;
				GCC_PREFIX_HEADER = ComCrissmoldovanTisip_Prefix.pch;
				GCC_PREPROCESSOR_DEFINITIONS = (
					"TI_VERSION=$(TI_VERSION)",
					"DEBUG=1",
				);
				GCC_TREAT_WARNINGS_AS_ERRORS = NO;
				GCC_VERSION = "";
				GCC_WARN_ABOUT_RETURN_TYPE = NO;
				GCC_WARN_MISSING_PARENTHESES = NO;
				GCC_WARN_SHADOW = NO;
				GCC_WARN_STRICT_SELECTOR_MATCH = NO;
				GCC_WARN_UNUSED_FUNCTION = YES;
				GCC_WARN_UNUSED_PARAMETER = NO;
				GCC_WARN_UNUSED_VALUE = NO;
				GCC_WARN_UNUSED_VARIABLE = NO;
				HEADER_SEARCH_PATHS = (
					"$(TITANIUM_BASE_SDK)",
					"$(TITANIUM_BASE_SDK2)",
					"$(TITANIUM_BASE_SDK3)",
					"$(SRCROOT)/pjsip/src/pjlib/include",
					"$(SRCROOT)/pjsip/src/pjlib-util/include",
					"$(SRCROOT)/pjsip/src/pjnath/include",
					"$(SRCROOT)/pjsip/src/pjmedia/include",
					"$(SRCROOT)/pjsip/src/pjsip/include",
					"$(SRCROOT)/pjsip/src/third_party/resample/include",
					"$(SRCROOT)/pjsip/src/third_party/speex/include",
					"$(SRCROOT)/pjsip/src/third_party/srtp/crypto/include",
					"$(SRCROOT)/pjsip/src/third_party/srtp/include",
				);
				INSTALL_PATH = /usr/local/lib;
				IPHONEOS_DEPLOYMENT_TARGET = 6.0;
				LIBRARY_SEARCH_PATHS = (
					"$(PROJECT_DIR)/pjsip/lib",
					"\"$(SRCROOT)/pjsip\"",
					"\"$(SRCROOT)/pjsip/lib\"",
				);
				OTHER_CFLAGS = "-DTI_POST_1_2";
				OTHER_LDFLAGS = "-ObjC";
				PRODUCT_NAME = ComCrissmoldovanTisip;
				RUN_CLANG_STATIC_ANALYZER = NO;
				SDKROOT = iphoneos;
				USER_HEADER_SEARCH_PATHS = "";
			};
			name = Release;
		};
		1DEB922308733DC00010E9CD /* Debug */ = {
			isa = XCBuildConfiguration;
			baseConfigurationReference = 24DD6D1B1134B66800162E58 /* titanium.xcconfig */;
			buildSettings = {
				CLANG_CXX_LIBRARY = "libstdc++";
				CODE_SIGN_IDENTITY = "iPhone Developer";
				"CODE_SIGN_IDENTITY[sdk=iphoneos*]" = "iPhone Developer";
				DSTROOT = /tmp/ComCrissmoldovanTisip.dst;
				GCC_C_LANGUAGE_STANDARD = c99;
				GCC_OPTIMIZATION_LEVEL = 0;
				GCC_PRECOMPILE_PREFIX_HEADER = YES;
				GCC_PREFIX_HEADER = ComCrissmoldovanTisip_Prefix.pch;
				GCC_PREPROCESSOR_DEFINITIONS = "TI_VERSION=$(TI_VERSION)";
				GCC_TREAT_WARNINGS_AS_ERRORS = NO;
				GCC_VERSION = "";
				GCC_WARN_ABOUT_RETURN_TYPE = NO;
				GCC_WARN_MISSING_PARENTHESES = NO;
				GCC_WARN_SHADOW = NO;
				GCC_WARN_STRICT_SELECTOR_MATCH = NO;
				GCC_WARN_UNUSED_FUNCTION = YES;
				GCC_WARN_UNUSED_PARAMETER = NO;
				GCC_WARN_UNUSED_VALUE = NO;
				GCC_WARN_UNUSED_VARIABLE = NO;
				INSTALL_PATH = /usr/local/lib;
				ONLY_ACTIVE_ARCH = YES;
				OTHER_CFLAGS = (
					"-DDEBUG",
					"-DTI_POST_1_2",
				);
				OTHER_LDFLAGS = "-ObjC";
				PRODUCT_NAME = ComCrissmoldovanTisip;
				PROVISIONING_PROFILE = "";
				"PROVISIONING_PROFILE[sdk=iphoneos*]" = "";
				RUN_CLANG_STATIC_ANALYZER = NO;
				SDKROOT = iphoneos;
				USER_HEADER_SEARCH_PATHS = "";
			};
			name = Debug;
		};
		1DEB922408733DC00010E9CD /* Release */ = {
			isa = XCBuildConfiguration;
			baseConfigurationReference = 24DD6D1B1134B66800162E58 /* titanium.xcconfig */;
			buildSettings = {
				ALWAYS_SEARCH_USER_PATHS = NO;
				CLANG_CXX_LIBRARY = "libstdc++";
				DSTROOT = /tmp/ComCrissmoldovanTisip.dst;
				GCC_C_LANGUAGE_STANDARD = c99;
				GCC_MODEL_TUNING = G5;
				GCC_PRECOMPILE_PREFIX_HEADER = YES;
				GCC_PREFIX_HEADER = ComCrissmoldovanTisip_Prefix.pch;
				GCC_PREPROCESSOR_DEFINITIONS = "TI_VERSION=$(TI_VERSION)";
				GCC_TREAT_WARNINGS_AS_ERRORS = NO;
				GCC_VERSION = "";
				GCC_WARN_ABOUT_RETURN_TYPE = NO;
				GCC_WARN_MISSING_PARENTHESES = NO;
				GCC_WARN_SHADOW = NO;
				GCC_WARN_STRICT_SELECTOR_MATCH = NO;
				GCC_WARN_UNUSED_FUNCTION = YES;
				GCC_WARN_UNUSED_PARAMETER = NO;
				GCC_WARN_UNUSED_VALUE = NO;
				GCC_WARN_UNUSED_VARIABLE = NO;
				INSTALL_PATH = /usr/local/lib;
				IPHONEOS_DEPLOYMENT_TARGET = 6.0;
				OTHER_CFLAGS = "-DTI_POST_1_2";
				OTHER_LDFLAGS = "-ObjC";
				PRODUCT_NAME = ComCrissmoldovanTisip;
				RUN_CLANG_STATIC_ANALYZER = NO;
				SDKROOT = iphoneos;
				USER_HEADER_SEARCH_PATHS = "";
			};
			name = Release;
		};
		24416B8211C4CA220047AFDD /* Debug */ = {
			isa = XCBuildConfiguration;
			baseConfigurationReference = 24DD6D1B1134B66800162E58 /* titanium.xcconfig */;
			buildSettings = {
				COPY_PHASE_STRIP = NO;
				GCC_DYNAMIC_NO_PIC = NO;
				GCC_OPTIMIZATION_LEVEL = 0;
				PRODUCT_NAME = "Build & test";
			};
			name = Debug;
		};
		24416B8311C4CA220047AFDD /* Release */ = {
			isa = XCBuildConfiguration;
			baseConfigurationReference = 24DD6D1B1134B66800162E58 /* titanium.xcconfig */;
			buildSettings = {
				COPY_PHASE_STRIP = YES;
				DEBUG_INFORMATION_FORMAT = "dwarf-with-dsym";
				GCC_ENABLE_FIX_AND_CONTINUE = NO;
				PRODUCT_NAME = "Build & test";
				ZERO_LINK = NO;
			};
			name = Release;
		};
/* End XCBuildConfiguration section */

/* Begin XCConfigurationList section */
		1DEB921E08733DC00010E9CD /* Build configuration list for PBXNativeTarget "TiSIP" */ = {
			isa = XCConfigurationList;
			buildConfigurations = (
				1DEB921F08733DC00010E9CD /* Debug */,
				1DEB922008733DC00010E9CD /* Release */,
			);
			defaultConfigurationIsVisible = 0;
			defaultConfigurationName = Release;
		};
		1DEB922208733DC00010E9CD /* Build configuration list for PBXProject "TiSIP" */ = {
			isa = XCConfigurationList;
			buildConfigurations = (
				1DEB922308733DC00010E9CD /* Debug */,
				1DEB922408733DC00010E9CD /* Release */,
			);
			defaultConfigurationIsVisible = 0;
			defaultConfigurationName = Release;
		};
		24416B8A11C4CA520047AFDD /* Build configuration list for PBXAggregateTarget "Build & Test" */ = {
			isa = XCConfigurationList;
			buildConfigurations = (
				24416B8211C4CA220047AFDD /* Debug */,
				24416B8311C4CA220047AFDD /* Release */,
			);
			defaultConfigurationIsVisible = 0;
			defaultConfigurationName = Release;
		};
/* End XCConfigurationList section */
	};
	rootObject = 0867D690FE84028FC02AAC07 /* Project object */;
}
